
Microsoft Visual Studio Solution File, Format Version 12.00
# Visual Studio Version 17
VisualStudioVersion = 17.5.002.0
MinimumVisualStudioVersion = 10.0.40219.1
Project("{9A19103F-16F7-4668-BE54-9A1E7A4F7556}") = "questpost", "questpost\questpost.csproj", "{689900CB-45C2-4A2F-8596-8977219CCCBE}"
EndProject
Global
	GlobalSection(SolutionConfigurationPlatforms) = preSolution
		Debug|Any CPU = Debug|Any CPU
		Release|Any CPU = Release|Any CPU
	EndGlobalSection
	GlobalSection(ProjectConfigurationPlatforms) = postSolution
		{689900CB-45C2-4A2F-8596-8977219CCCBE}.Debug|Any CPU.ActiveCfg = Debug|Any CPU
		{689900CB-45C2-4A2F-8596-8977219CCCBE}.Debug|Any CPU.Build.0 = Debug|Any CPU
		{689900CB-45C2-4A2F-8596-8977219CCCBE}.Release|Any CPU.ActiveCfg = Release|Any CPU
		{689900CB-45C2-4A2F-8596-8977219CCCBE}.Release|Any CPU.Build.0 = Release|Any CPU
	EndGlobalSection
	GlobalSection(SolutionProperties) = preSolution
		HideSolutionNode = FALSE
	EndGlobalSection
	GlobalSection(ExtensibilityGlobals) = postSolution
		SolutionGuid = {8EBF9C42-AB98-4B18-9FE3-1D88F043AAF5}
	EndGlobalSection
EndGlobal
